dependencies:
- name: cluster-autoscaler
  repository: https://kubernetes.github.io/autoscaler
  version: 9.28.0
- name: external-dns
  repository: https://kubernetes-sigs.github.io/external-dns/
  version: 1.10.1
- name: aws-load-balancer-controller
  repository: https://aws.github.io/eks-charts
  version: 1.4.2
- name: metrics-server
  repository: https://kubernetes-sigs.github.io/metrics-server/
  version: 3.8.2
- name: cert-manager
  repository: https://charts.jetstack.io
  version: v1.10.0
digest: sha256:a1223a9c631e6b3b80ba8f8fad110783da4da1a6688fda96571a8c99471e347f
generated: "2023-04-24T20:28:24.688399939Z"
