dependencies:
- name: datadog
  repository: https://helm.datadoghq.com
  version: 2.20.3
- name: velero
  repository: https://vmware-tanzu.github.io/helm-charts
  version: 2.23.6
digest: sha256:e96ca6fc9d9a086e603a88d9d3bb2e525d6ae11289ba9fc834dda5ab25c2e6d6
generated: "2023-04-24T20:28:24.156982471Z"
