dependencies:
- name: mongodb
  repository: https://charts.bitnami.com/bitnami
  version: 12.1.27
- name: ingress-nginx
  repository: https://kubernetes.github.io/ingress-nginx
  version: 4.2.0
- name: vault
  repository: https://helm.releases.hashicorp.com
  version: 0.21.0
digest: sha256:3aa8f1164a0dc1c106cdec8966cf101dc85837eda5868fbf030ac18a0c6c7524
generated: "2023-04-24T20:28:22.459906888Z"
